
Microsoft Visual Studio Solution File, Format Version 12.00
# Visual Studio Version 16
VisualStudioVersion = 16.0.31729.503
MinimumVisualStudioVersion = 10.0.40219.1
Project("{2150E333-8FDC-42A3-9474-1A3956D46DE8}") = "Solution Items", "Solution Items", "{CE43B940-3C9B-41B6-88DA-33FD1F674FCC}"
	ProjectSection(SolutionItems) = preProject
		..\Agenda.md = ..\Agenda.md
	EndProjectSection
EndProject
Project("{2150E333-8FDC-42A3-9474-1A3956D46DE8}") = "SOLID", "SOLID", "{E4092FEB-0F8B-4104-9235-7B6999ACAA0D}"
EndProject
Project("{9A19103F-16F7-4668-BE54-9A1E7A4F7556}") = "SingleResponsibilityPrincipe", "SingleResponsibilityPrincipe\SingleResponsibilityPrincipe.csproj", "{964E1667-8775-4ED0-A051-F665F514D42D}"
EndProject
Project("{9A19103F-16F7-4668-BE54-9A1E7A4F7556}") = "OpenClosePrinzip", "OpenClosePrinzip\OpenClosePrinzip.csproj", "{4EBD7A2E-06CF-46CB-A6CE-41581806B46B}"
EndProject
Project("{9A19103F-16F7-4668-BE54-9A1E7A4F7556}") = "LizkovischePrinzip", "LizkovischePrinzip\LizkovischePrinzip.csproj", "{21256638-860A-4894-A03A-51F3B1FA1789}"
EndProject
Project("{9A19103F-16F7-4668-BE54-9A1E7A4F7556}") = "DependencyInversion", "DependencyInversion\DependencyInversion.csproj", "{6C9F6E6D-205B-4E4F-A655-50D1ED3DF0CC}"
EndProject
Project("{9A19103F-16F7-4668-BE54-9A1E7A4F7556}") = "InterfaceSegregationPrincip", "InterfaceSegregationPrincip\InterfaceSegregationPrincip.csproj", "{58430C28-667A-4017-808E-B5F42D31CE36}"
EndProject
Project("{2150E333-8FDC-42A3-9474-1A3956D46DE8}") = "Übungen", "Übungen", "{AE999F2D-3A27-41CC-B7D5-E1E8C17D34B9}"
EndProject
Project("{9A19103F-16F7-4668-BE54-9A1E7A4F7556}") = "Übung_Solid1", "..\Übung_Solid1\Übung_Solid1.csproj", "{2ED0F1D2-607B-46BC-B352-6699415B1A7B}"
EndProject
Project("{9A19103F-16F7-4668-BE54-9A1E7A4F7556}") = "Übung_Solid2", "..\Übung_Solid2\Übung_Solid2.csproj", "{DE10FC7D-6B4C-4595-B744-E1066DF1A44C}"
EndProject
Project("{2150E333-8FDC-42A3-9474-1A3956D46DE8}") = "Delegates", "Delegates", "{C51348BA-419F-48CB-B498-AF99BA2C1D1C}"
EndProject
Project("{9A19103F-16F7-4668-BE54-9A1E7A4F7556}") = "DelegatesActionsAndFuncsSamples", "DelegatesActionsAndFuncsSamples\DelegatesActionsAndFuncsSamples.csproj", "{3D25D8FD-5DD7-40FC-BF91-A38B0D73BFA6}"
EndProject
Project("{9A19103F-16F7-4668-BE54-9A1E7A4F7556}") = "DelegateWithCallback", "DelegateWithCallback\DelegateWithCallback.csproj", "{C779DDCF-D0C3-4FFC-B9D8-D65030E50DDA}"
EndProject
Project("{9A19103F-16F7-4668-BE54-9A1E7A4F7556}") = "EventsEventHandlerSample", "EventsEventHandlerSample\EventsEventHandlerSample.csproj", "{39C2A032-5381-4C2E-83F7-A301C9139D34}"
EndProject
Project("{9A19103F-16F7-4668-BE54-9A1E7A4F7556}") = "WinFormsApp1", "WinFormsApp1\WinFormsApp1.csproj", "{04474BBC-2DA8-49F5-A1A7-80D3ED6F8824}"
EndProject
Project("{2150E333-8FDC-42A3-9474-1A3956D46DE8}") = "Benchmark Tests", "Benchmark Tests", "{EFA26526-C8A0-4E45-95FB-24DCEFC595C4}"
EndProject
Project("{9A19103F-16F7-4668-BE54-9A1E7A4F7556}") = "StringBuilderBenchmarkDemo", "StringBuilderBenchmarkDemo\StringBuilderBenchmarkDemo.csproj", "{C1CB2A98-5141-44EA-AE03-615EDF4EB82B}"
EndProject
Project("{2150E333-8FDC-42A3-9474-1A3956D46DE8}") = "SerialisierungAndExtentionMethods", "SerialisierungAndExtentionMethods", "{A056FA2F-DC23-4125-ABA6-14AEB8E6E354}"
EndProject
Project("{9A19103F-16F7-4668-BE54-9A1E7A4F7556}") = "SerialisierungExtentionMethods", "SerialisierungExtentionMethods\SerialisierungExtentionMethods.csproj", "{6E2716E7-B46B-4941-9034-67B4CCDD63BB}"
EndProject
Project("{9A19103F-16F7-4668-BE54-9A1E7A4F7556}") = "UsingSample", "UsingSample\UsingSample.csproj", "{428FDE79-1DB1-4881-8A03-6ACC4C9B9783}"
EndProject
Project("{2150E333-8FDC-42A3-9474-1A3956D46DE8}") = "Threading", "Threading", "{F371C7B6-794E-4A8F-8DE3-430FB1E74156}"
EndProject
Project("{2150E333-8FDC-42A3-9474-1A3956D46DE8}") = "TPL", "TPL", "{F3607A7B-29E9-4BE6-9912-9A9CD75CB074}"
EndProject
Project("{FAE04EC0-301F-11D3-BF4B-00C04F79EFBC}") = "001_ThreadStarten", "001_ThreadStarten\001_ThreadStarten.csproj", "{C563E4F1-E74D-4B40-B4E2-1D50643ECF3B}"
EndProject
Project("{FAE04EC0-301F-11D3-BF4B-00C04F79EFBC}") = "002_ThreadMitParameterStarten", "002_ThreadMitParameterStarten\002_ThreadMitParameterStarten.csproj", "{012EDC15-5E55-49C0-89D5-406268051477}"
EndProject
Project("{FAE04EC0-301F-11D3-BF4B-00C04F79EFBC}") = "003_ThreadBeenden", "003_ThreadBeenden\003_ThreadBeenden.csproj", "{01E78BA2-7986-4EE1-B8E5-92C057991657}"
EndProject
Project("{FAE04EC0-301F-11D3-BF4B-00C04F79EFBC}") = "004_ThreadWithReturnValueAndParameters", "004_ThreadWithReturnValueAndParameters\004_ThreadWithReturnValueAndParameters.csproj", "{E7C502CA-63AB-4371-BE20-0AF6A4BE3F2E}"
EndProject
Project("{FAE04EC0-301F-11D3-BF4B-00C04F79EFBC}") = "005_ThreadWithCallback", "005_ThreadWithCallback\005_ThreadWithCallback.csproj", "{56850FF8-2505-49D8-A178-327AE7797122}"
EndProject
Project("{FAE04EC0-301F-11D3-BF4B-00C04F79EFBC}") = "006_ThreadPool", "006_ThreadPool\006_ThreadPool.csproj", "{3FB1D8AC-7A96-460E-BC1B-9F8F39CBB3F4}"
EndProject
Project("{FAE04EC0-301F-11D3-BF4B-00C04F79EFBC}") = "007_LockSample", "007_LockSample\007_LockSample.csproj", "{1611B3D4-D7FC-476E-B727-B938AE4644E0}"
EndProject
Project("{FAE04EC0-301F-11D3-BF4B-00C04F79EFBC}") = "008_MonitoSample", "008_MonitoSample\008_MonitoSample.csproj", "{2FF31A89-1032-4579-A29C-D91022E21707}"
EndProject
Project("{FAE04EC0-301F-11D3-BF4B-00C04F79EFBC}") = "009_MutexSample", "009_MutexSample\009_MutexSample.csproj", "{8909B634-4E13-4475-B3C6-D28B50A3E7FE}"
EndProject
Project("{FAE04EC0-301F-11D3-BF4B-00C04F79EFBC}") = "010_Mutext_ProgramInstance", "010_Mutext_ProgramInstance\010_Mutext_ProgramInstance.csproj", "{E56A6390-868D-4F19-8E58-D7CE713CF0B2}"
EndProject
Project("{FAE04EC0-301F-11D3-BF4B-00C04F79EFBC}") = "001_Task_Start", "001_Task_Start\001_Task_Start.csproj", "{06EE63F0-82A0-4EAD-8DD1-E26A1886F382}"
EndProject
Project("{FAE04EC0-301F-11D3-BF4B-00C04F79EFBC}") = "002_Task_Beenden", "002_Task_Beenden\002_Task_Beenden.csproj", "{50A00839-3E8A-456B-A186-E40617C3101D}"
EndProject
Project("{FAE04EC0-301F-11D3-BF4B-00C04F79EFBC}") = "003_TaskFactorySample", "003_TaskFactorySample\003_TaskFactorySample.csproj", "{31A6C15E-4910-4745-8D4B-D091F8D4B32C}"
EndProject
Project("{FAE04EC0-301F-11D3-BF4B-00C04F79EFBC}") = "004_TaskMitParameter", "004_TaskMitParameter\004_TaskMitParameter.csproj", "{D5C4D091-01B8-44A3-AA1C-0309C33813E3}"
EndProject
Project("{FAE04EC0-301F-11D3-BF4B-00C04F79EFBC}") = "005_TaskMitException", "005_TaskMitException\005_TaskMitException.csproj", "{BA20B644-0773-4837-9635-6F24D9EFE208}"
EndProject
Project("{FAE04EC0-301F-11D3-BF4B-00C04F79EFBC}") = "006_ContinueSample", "006_ContinueSample\006_ContinueSample.csproj", "{B6292DEA-1D00-4DE4-88C6-1A1FAB40E79D}"
EndProject
Project("{FAE04EC0-301F-11D3-BF4B-00C04F79EFBC}") = "007_ContinueWithParams", "007_ContinueWithParams\007_ContinueWithParams.csproj", "{D056848F-FF95-4F35-ABA0-1DCA63B78091}"
EndProject
Project("{FAE04EC0-301F-11D3-BF4B-00C04F79EFBC}") = "008_TaskWhenSample", "008_TaskWhenSample\008_TaskWhenSample.csproj", "{558D604F-ACCA-4152-A73A-7AA7CE50E598}"
EndProject
Project("{9A19103F-16F7-4668-BE54-9A1E7A4F7556}") = "BenchmarkTestParallelForVsFor", "BenchmarkTestParallelForVsFor\BenchmarkTestParallelForVsFor.csproj", "{BEB090AC-9E4B-4B0D-82AD-EC897BF8F503}"
EndProject
Project("{FAE04EC0-301F-11D3-BF4B-00C04F79EFBC}") = "AsyncAwaitPatternSample", "AsyncAwaitPatternSample\AsyncAwaitPatternSample.csproj", "{6B77628A-755C-47D8-A34F-B77FCA40884E}"
EndProject
Project("{FAE04EC0-301F-11D3-BF4B-00C04F79EFBC}") = "HalloAsync", "..\HalloAsync (1)\HalloAsync\HalloAsync.csproj", "{C3C3AA6C-53E4-4A4A-82E6-A6946EB298E4}"
EndProject
Project("{2150E333-8FDC-42A3-9474-1A3956D46DE8}") = "Generics", "Generics", "{FA9621D5-BED8-4CE1-8BE1-02DF197F7C68}"
EndProject
Project("{FAE04EC0-301F-11D3-BF4B-00C04F79EFBC}") = "GenericsSample", "GenericsSample\GenericsSample.csproj", "{61B72B22-4B6E-4734-8467-3A2BC2334198}"
EndProject
Project("{FAE04EC0-301F-11D3-BF4B-00C04F79EFBC}") = "GenericConstraints", "GenericConstraints\GenericConstraints.csproj", "{F764EB2F-FF85-444D-8EBF-70A4527F01C0}"
EndProject
Project("{2150E333-8FDC-42A3-9474-1A3956D46DE8}") = "Reflection", "Reflection", "{76E3683C-F29B-4F3C-90C0-B198CA981DE7}"
EndProject
Project("{FAE04EC0-301F-11D3-BF4B-00C04F79EFBC}") = "StructVSClass", "StruckVSClass\StructVSClass.csproj", "{3E2EF5C8-5E4B-4994-BAC1-150DEEA8B172}"
EndProject
Project("{FAE04EC0-301F-11D3-BF4B-00C04F79EFBC}") = "Taschenrechner", "Taschenrechner\Taschenrechner.csproj", "{295C7454-6E38-49BA-A06A-B3CE16C728A5}"
EndProject
Project("{FAE04EC0-301F-11D3-BF4B-00C04F79EFBC}") = "HelloReflections", "HelloReflections\HelloReflections.csproj", "{EBA129B9-E249-487C-A4EB-FACE22BE1038}"
EndProject
Global
	GlobalSection(SolutionConfigurationPlatforms) = preSolution
		Debug|Any CPU = Debug|Any CPU
		Release|Any CPU = Release|Any CPU
	EndGlobalSection
	GlobalSection(ProjectConfigurationPlatforms) = postSolution
		{964E1667-8775-4ED0-A051-F665F514D42D}.Debug|Any CPU.ActiveCfg = Debug|Any CPU
		{964E1667-8775-4ED0-A051-F665F514D42D}.Debug|Any CPU.Build.0 = Debug|Any CPU
		{964E1667-8775-4ED0-A051-F665F514D42D}.Release|Any CPU.ActiveCfg = Release|Any CPU
		{964E1667-8775-4ED0-A051-F665F514D42D}.Release|Any CPU.Build.0 = Release|Any CPU
		{4EBD7A2E-06CF-46CB-A6CE-41581806B46B}.Debug|Any CPU.ActiveCfg = Debug|Any CPU
		{4EBD7A2E-06CF-46CB-A6CE-41581806B46B}.Debug|Any CPU.Build.0 = Debug|Any CPU
		{4EBD7A2E-06CF-46CB-A6CE-41581806B46B}.Release|Any CPU.ActiveCfg = Release|Any CPU
		{4EBD7A2E-06CF-46CB-A6CE-41581806B46B}.Release|Any CPU.Build.0 = Release|Any CPU
		{21256638-860A-4894-A03A-51F3B1FA1789}.Debug|Any CPU.ActiveCfg = Debug|Any CPU
		{21256638-860A-4894-A03A-51F3B1FA1789}.Debug|Any CPU.Build.0 = Debug|Any CPU
		{21256638-860A-4894-A03A-51F3B1FA1789}.Release|Any CPU.ActiveCfg = Release|Any CPU
		{21256638-860A-4894-A03A-51F3B1FA1789}.Release|Any CPU.Build.0 = Release|Any CPU
		{6C9F6E6D-205B-4E4F-A655-50D1ED3DF0CC}.Debug|Any CPU.ActiveCfg = Debug|Any CPU
		{6C9F6E6D-205B-4E4F-A655-50D1ED3DF0CC}.Debug|Any CPU.Build.0 = Debug|Any CPU
		{6C9F6E6D-205B-4E4F-A655-50D1ED3DF0CC}.Release|Any CPU.ActiveCfg = Release|Any CPU
		{6C9F6E6D-205B-4E4F-A655-50D1ED3DF0CC}.Release|Any CPU.Build.0 = Release|Any CPU
		{58430C28-667A-4017-808E-B5F42D31CE36}.Debug|Any CPU.ActiveCfg = Debug|Any CPU
		{58430C28-667A-4017-808E-B5F42D31CE36}.Debug|Any CPU.Build.0 = Debug|Any CPU
		{58430C28-667A-4017-808E-B5F42D31CE36}.Release|Any CPU.ActiveCfg = Release|Any CPU
		{58430C28-667A-4017-808E-B5F42D31CE36}.Release|Any CPU.Build.0 = Release|Any CPU
		{2ED0F1D2-607B-46BC-B352-6699415B1A7B}.Debug|Any CPU.ActiveCfg = Debug|Any CPU
		{2ED0F1D2-607B-46BC-B352-6699415B1A7B}.Debug|Any CPU.Build.0 = Debug|Any CPU
		{2ED0F1D2-607B-46BC-B352-6699415B1A7B}.Release|Any CPU.ActiveCfg = Release|Any CPU
		{2ED0F1D2-607B-46BC-B352-6699415B1A7B}.Release|Any CPU.Build.0 = Release|Any CPU
		{DE10FC7D-6B4C-4595-B744-E1066DF1A44C}.Debug|Any CPU.ActiveCfg = Debug|Any CPU
		{DE10FC7D-6B4C-4595-B744-E1066DF1A44C}.Debug|Any CPU.Build.0 = Debug|Any CPU
		{DE10FC7D-6B4C-4595-B744-E1066DF1A44C}.Release|Any CPU.ActiveCfg = Release|Any CPU
		{DE10FC7D-6B4C-4595-B744-E1066DF1A44C}.Release|Any CPU.Build.0 = Release|Any CPU
		{3D25D8FD-5DD7-40FC-BF91-A38B0D73BFA6}.Debug|Any CPU.ActiveCfg = Debug|Any CPU
		{3D25D8FD-5DD7-40FC-BF91-A38B0D73BFA6}.Debug|Any CPU.Build.0 = Debug|Any CPU
		{3D25D8FD-5DD7-40FC-BF91-A38B0D73BFA6}.Release|Any CPU.ActiveCfg = Release|Any CPU
		{3D25D8FD-5DD7-40FC-BF91-A38B0D73BFA6}.Release|Any CPU.Build.0 = Release|Any CPU
		{C779DDCF-D0C3-4FFC-B9D8-D65030E50DDA}.Debug|Any CPU.ActiveCfg = Debug|Any CPU
		{C779DDCF-D0C3-4FFC-B9D8-D65030E50DDA}.Debug|Any CPU.Build.0 = Debug|Any CPU
		{C779DDCF-D0C3-4FFC-B9D8-D65030E50DDA}.Release|Any CPU.ActiveCfg = Release|Any CPU
		{C779DDCF-D0C3-4FFC-B9D8-D65030E50DDA}.Release|Any CPU.Build.0 = Release|Any CPU
		{39C2A032-5381-4C2E-83F7-A301C9139D34}.Debug|Any CPU.ActiveCfg = Debug|Any CPU
		{39C2A032-5381-4C2E-83F7-A301C9139D34}.Debug|Any CPU.Build.0 = Debug|Any CPU
		{39C2A032-5381-4C2E-83F7-A301C9139D34}.Release|Any CPU.ActiveCfg = Release|Any CPU
		{39C2A032-5381-4C2E-83F7-A301C9139D34}.Release|Any CPU.Build.0 = Release|Any CPU
		{04474BBC-2DA8-49F5-A1A7-80D3ED6F8824}.Debug|Any CPU.ActiveCfg = Debug|Any CPU
		{04474BBC-2DA8-49F5-A1A7-80D3ED6F8824}.Debug|Any CPU.Build.0 = Debug|Any CPU
		{04474BBC-2DA8-49F5-A1A7-80D3ED6F8824}.Release|Any CPU.ActiveCfg = Release|Any CPU
		{04474BBC-2DA8-49F5-A1A7-80D3ED6F8824}.Release|Any CPU.Build.0 = Release|Any CPU
		{C1CB2A98-5141-44EA-AE03-615EDF4EB82B}.Debug|Any CPU.ActiveCfg = Debug|Any CPU
		{C1CB2A98-5141-44EA-AE03-615EDF4EB82B}.Debug|Any CPU.Build.0 = Debug|Any CPU
		{C1CB2A98-5141-44EA-AE03-615EDF4EB82B}.Release|Any CPU.ActiveCfg = Release|Any CPU
		{C1CB2A98-5141-44EA-AE03-615EDF4EB82B}.Release|Any CPU.Build.0 = Release|Any CPU
		{6E2716E7-B46B-4941-9034-67B4CCDD63BB}.Debug|Any CPU.ActiveCfg = Debug|Any CPU
		{6E2716E7-B46B-4941-9034-67B4CCDD63BB}.Debug|Any CPU.Build.0 = Debug|Any CPU
		{6E2716E7-B46B-4941-9034-67B4CCDD63BB}.Release|Any CPU.ActiveCfg = Release|Any CPU
		{6E2716E7-B46B-4941-9034-67B4CCDD63BB}.Release|Any CPU.Build.0 = Release|Any CPU
		{428FDE79-1DB1-4881-8A03-6ACC4C9B9783}.Debug|Any CPU.ActiveCfg = Debug|Any CPU
		{428FDE79-1DB1-4881-8A03-6ACC4C9B9783}.Debug|Any CPU.Build.0 = Debug|Any CPU
		{428FDE79-1DB1-4881-8A03-6ACC4C9B9783}.Release|Any CPU.ActiveCfg = Release|Any CPU
		{428FDE79-1DB1-4881-8A03-6ACC4C9B9783}.Release|Any CPU.Build.0 = Release|Any CPU
		{C563E4F1-E74D-4B40-B4E2-1D50643ECF3B}.Debug|Any CPU.ActiveCfg = Debug|Any CPU
		{C563E4F1-E74D-4B40-B4E2-1D50643ECF3B}.Debug|Any CPU.Build.0 = Debug|Any CPU
		{C563E4F1-E74D-4B40-B4E2-1D50643ECF3B}.Release|Any CPU.ActiveCfg = Release|Any CPU
		{C563E4F1-E74D-4B40-B4E2-1D50643ECF3B}.Release|Any CPU.Build.0 = Release|Any CPU
		{012EDC15-5E55-49C0-89D5-406268051477}.Debug|Any CPU.ActiveCfg = Debug|Any CPU
		{012EDC15-5E55-49C0-89D5-406268051477}.Debug|Any CPU.Build.0 = Debug|Any CPU
		{012EDC15-5E55-49C0-89D5-406268051477}.Release|Any CPU.ActiveCfg = Release|Any CPU
		{012EDC15-5E55-49C0-89D5-406268051477}.Release|Any CPU.Build.0 = Release|Any CPU
		{01E78BA2-7986-4EE1-B8E5-92C057991657}.Debug|Any CPU.ActiveCfg = Debug|Any CPU
		{01E78BA2-7986-4EE1-B8E5-92C057991657}.Debug|Any CPU.Build.0 = Debug|Any CPU
		{01E78BA2-7986-4EE1-B8E5-92C057991657}.Release|Any CPU.ActiveCfg = Release|Any CPU
		{01E78BA2-7986-4EE1-B8E5-92C057991657}.Release|Any CPU.Build.0 = Release|Any CPU
		{E7C502CA-63AB-4371-BE20-0AF6A4BE3F2E}.Debug|Any CPU.ActiveCfg = Debug|Any CPU
		{E7C502CA-63AB-4371-BE20-0AF6A4BE3F2E}.Debug|Any CPU.Build.0 = Debug|Any CPU
		{E7C502CA-63AB-4371-BE20-0AF6A4BE3F2E}.Release|Any CPU.ActiveCfg = Release|Any CPU
		{E7C502CA-63AB-4371-BE20-0AF6A4BE3F2E}.Release|Any CPU.Build.0 = Release|Any CPU
		{56850FF8-2505-49D8-A178-327AE7797122}.Debug|Any CPU.ActiveCfg = Debug|Any CPU
		{56850FF8-2505-49D8-A178-327AE7797122}.Debug|Any CPU.Build.0 = Debug|Any CPU
		{56850FF8-2505-49D8-A178-327AE7797122}.Release|Any CPU.ActiveCfg = Release|Any CPU
		{56850FF8-2505-49D8-A178-327AE7797122}.Release|Any CPU.Build.0 = Release|Any CPU
		{3FB1D8AC-7A96-460E-BC1B-9F8F39CBB3F4}.Debug|Any CPU.ActiveCfg = Debug|Any CPU
		{3FB1D8AC-7A96-460E-BC1B-9F8F39CBB3F4}.Debug|Any CPU.Build.0 = Debug|Any CPU
		{3FB1D8AC-7A96-460E-BC1B-9F8F39CBB3F4}.Release|Any CPU.ActiveCfg = Release|Any CPU
		{3FB1D8AC-7A96-460E-BC1B-9F8F39CBB3F4}.Release|Any CPU.Build.0 = Release|Any CPU
		{1611B3D4-D7FC-476E-B727-B938AE4644E0}.Debug|Any CPU.ActiveCfg = Debug|Any CPU
		{1611B3D4-D7FC-476E-B727-B938AE4644E0}.Debug|Any CPU.Build.0 = Debug|Any CPU
		{1611B3D4-D7FC-476E-B727-B938AE4644E0}.Release|Any CPU.ActiveCfg = Release|Any CPU
		{1611B3D4-D7FC-476E-B727-B938AE4644E0}.Release|Any CPU.Build.0 = Release|Any CPU
		{2FF31A89-1032-4579-A29C-D91022E21707}.Debug|Any CPU.ActiveCfg = Debug|Any CPU
		{2FF31A89-1032-4579-A29C-D91022E21707}.Debug|Any CPU.Build.0 = Debug|Any CPU
		{2FF31A89-1032-4579-A29C-D91022E21707}.Release|Any CPU.ActiveCfg = Release|Any CPU
		{2FF31A89-1032-4579-A29C-D91022E21707}.Release|Any CPU.Build.0 = Release|Any CPU
		{8909B634-4E13-4475-B3C6-D28B50A3E7FE}.Debug|Any CPU.ActiveCfg = Debug|Any CPU
		{8909B634-4E13-4475-B3C6-D28B50A3E7FE}.Debug|Any CPU.Build.0 = Debug|Any CPU
		{8909B634-4E13-4475-B3C6-D28B50A3E7FE}.Release|Any CPU.ActiveCfg = Release|Any CPU
		{8909B634-4E13-4475-B3C6-D28B50A3E7FE}.Release|Any CPU.Build.0 = Release|Any CPU
		{E56A6390-868D-4F19-8E58-D7CE713CF0B2}.Debug|Any CPU.ActiveCfg = Debug|Any CPU
		{E56A6390-868D-4F19-8E58-D7CE713CF0B2}.Debug|Any CPU.Build.0 = Debug|Any CPU
		{E56A6390-868D-4F19-8E58-D7CE713CF0B2}.Release|Any CPU.ActiveCfg = Release|Any CPU
		{E56A6390-868D-4F19-8E58-D7CE713CF0B2}.Release|Any CPU.Build.0 = Release|Any CPU
		{06EE63F0-82A0-4EAD-8DD1-E26A1886F382}.Debug|Any CPU.ActiveCfg = Debug|Any CPU
		{06EE63F0-82A0-4EAD-8DD1-E26A1886F382}.Debug|Any CPU.Build.0 = Debug|Any CPU
		{06EE63F0-82A0-4EAD-8DD1-E26A1886F382}.Release|Any CPU.ActiveCfg = Release|Any CPU
		{06EE63F0-82A0-4EAD-8DD1-E26A1886F382}.Release|Any CPU.Build.0 = Release|Any CPU
		{50A00839-3E8A-456B-A186-E40617C3101D}.Debug|Any CPU.ActiveCfg = Debug|Any CPU
		{50A00839-3E8A-456B-A186-E40617C3101D}.Debug|Any CPU.Build.0 = Debug|Any CPU
		{50A00839-3E8A-456B-A186-E40617C3101D}.Release|Any CPU.ActiveCfg = Release|Any CPU
		{50A00839-3E8A-456B-A186-E40617C3101D}.Release|Any CPU.Build.0 = Release|Any CPU
		{31A6C15E-4910-4745-8D4B-D091F8D4B32C}.Debug|Any CPU.ActiveCfg = Debug|Any CPU
		{31A6C15E-4910-4745-8D4B-D091F8D4B32C}.Debug|Any CPU.Build.0 = Debug|Any CPU
		{31A6C15E-4910-4745-8D4B-D091F8D4B32C}.Release|Any CPU.ActiveCfg = Release|Any CPU
		{31A6C15E-4910-4745-8D4B-D091F8D4B32C}.Release|Any CPU.Build.0 = Release|Any CPU
		{D5C4D091-01B8-44A3-AA1C-0309C33813E3}.Debug|Any CPU.ActiveCfg = Debug|Any CPU
		{D5C4D091-01B8-44A3-AA1C-0309C33813E3}.Debug|Any CPU.Build.0 = Debug|Any CPU
		{D5C4D091-01B8-44A3-AA1C-0309C33813E3}.Release|Any CPU.ActiveCfg = Release|Any CPU
		{D5C4D091-01B8-44A3-AA1C-0309C33813E3}.Release|Any CPU.Build.0 = Release|Any CPU
		{BA20B644-0773-4837-9635-6F24D9EFE208}.Debug|Any CPU.ActiveCfg = Debug|Any CPU
		{BA20B644-0773-4837-9635-6F24D9EFE208}.Debug|Any CPU.Build.0 = Debug|Any CPU
		{BA20B644-0773-4837-9635-6F24D9EFE208}.Release|Any CPU.ActiveCfg = Release|Any CPU
		{BA20B644-0773-4837-9635-6F24D9EFE208}.Release|Any CPU.Build.0 = Release|Any CPU
		{B6292DEA-1D00-4DE4-88C6-1A1FAB40E79D}.Debug|Any CPU.ActiveCfg = Debug|Any CPU
		{B6292DEA-1D00-4DE4-88C6-1A1FAB40E79D}.Debug|Any CPU.Build.0 = Debug|Any CPU
		{B6292DEA-1D00-4DE4-88C6-1A1FAB40E79D}.Release|Any CPU.ActiveCfg = Release|Any CPU
		{B6292DEA-1D00-4DE4-88C6-1A1FAB40E79D}.Release|Any CPU.Build.0 = Release|Any CPU
		{D056848F-FF95-4F35-ABA0-1DCA63B78091}.Debug|Any CPU.ActiveCfg = Debug|Any CPU
		{D056848F-FF95-4F35-ABA0-1DCA63B78091}.Debug|Any CPU.Build.0 = Debug|Any CPU
		{D056848F-FF95-4F35-ABA0-1DCA63B78091}.Release|Any CPU.ActiveCfg = Release|Any CPU
		{D056848F-FF95-4F35-ABA0-1DCA63B78091}.Release|Any CPU.Build.0 = Release|Any CPU
		{558D604F-ACCA-4152-A73A-7AA7CE50E598}.Debug|Any CPU.ActiveCfg = Debug|Any CPU
		{558D604F-ACCA-4152-A73A-7AA7CE50E598}.Debug|Any CPU.Build.0 = Debug|Any CPU
		{558D604F-ACCA-4152-A73A-7AA7CE50E598}.Release|Any CPU.ActiveCfg = Release|Any CPU
		{558D604F-ACCA-4152-A73A-7AA7CE50E598}.Release|Any CPU.Build.0 = Release|Any CPU
		{BEB090AC-9E4B-4B0D-82AD-EC897BF8F503}.Debug|Any CPU.ActiveCfg = Debug|Any CPU
		{BEB090AC-9E4B-4B0D-82AD-EC897BF8F503}.Debug|Any CPU.Build.0 = Debug|Any CPU
		{BEB090AC-9E4B-4B0D-82AD-EC897BF8F503}.Release|Any CPU.ActiveCfg = Release|Any CPU
		{BEB090AC-9E4B-4B0D-82AD-EC897BF8F503}.Release|Any CPU.Build.0 = Release|Any CPU
		{6B77628A-755C-47D8-A34F-B77FCA40884E}.Debug|Any CPU.ActiveCfg = Debug|Any CPU
		{6B77628A-755C-47D8-A34F-B77FCA40884E}.Debug|Any CPU.Build.0 = Debug|Any CPU
		{6B77628A-755C-47D8-A34F-B77FCA40884E}.Release|Any CPU.ActiveCfg = Release|Any CPU
		{6B77628A-755C-47D8-A34F-B77FCA40884E}.Release|Any CPU.Build.0 = Release|Any CPU
		{C3C3AA6C-53E4-4A4A-82E6-A6946EB298E4}.Debug|Any CPU.ActiveCfg = Debug|Any CPU
		{C3C3AA6C-53E4-4A4A-82E6-A6946EB298E4}.Debug|Any CPU.Build.0 = Debug|Any CPU
		{C3C3AA6C-53E4-4A4A-82E6-A6946EB298E4}.Release|Any CPU.ActiveCfg = Release|Any CPU
		{C3C3AA6C-53E4-4A4A-82E6-A6946EB298E4}.Release|Any CPU.Build.0 = Release|Any CPU
		{61B72B22-4B6E-4734-8467-3A2BC2334198}.Debug|Any CPU.ActiveCfg = Debug|Any CPU
		{61B72B22-4B6E-4734-8467-3A2BC2334198}.Debug|Any CPU.Build.0 = Debug|Any CPU
		{61B72B22-4B6E-4734-8467-3A2BC2334198}.Release|Any CPU.ActiveCfg = Release|Any CPU
		{61B72B22-4B6E-4734-8467-3A2BC2334198}.Release|Any CPU.Build.0 = Release|Any CPU
		{F764EB2F-FF85-444D-8EBF-70A4527F01C0}.Debug|Any CPU.ActiveCfg = Debug|Any CPU
		{F764EB2F-FF85-444D-8EBF-70A4527F01C0}.Debug|Any CPU.Build.0 = Debug|Any CPU
		{F764EB2F-FF85-444D-8EBF-70A4527F01C0}.Release|Any CPU.ActiveCfg = Release|Any CPU
		{F764EB2F-FF85-444D-8EBF-70A4527F01C0}.Release|Any CPU.Build.0 = Release|Any CPU
		{3E2EF5C8-5E4B-4994-BAC1-150DEEA8B172}.Debug|Any CPU.ActiveCfg = Debug|Any CPU
		{3E2EF5C8-5E4B-4994-BAC1-150DEEA8B172}.Debug|Any CPU.Build.0 = Debug|Any CPU
		{3E2EF5C8-5E4B-4994-BAC1-150DEEA8B172}.Release|Any CPU.ActiveCfg = Release|Any CPU
		{3E2EF5C8-5E4B-4994-BAC1-150DEEA8B172}.Release|Any CPU.Build.0 = Release|Any CPU
		{295C7454-6E38-49BA-A06A-B3CE16C728A5}.Debug|Any CPU.ActiveCfg = Debug|Any CPU
		{295C7454-6E38-49BA-A06A-B3CE16C728A5}.Debug|Any CPU.Build.0 = Debug|Any CPU
		{295C7454-6E38-49BA-A06A-B3CE16C728A5}.Release|Any CPU.ActiveCfg = Release|Any CPU
		{295C7454-6E38-49BA-A06A-B3CE16C728A5}.Release|Any CPU.Build.0 = Release|Any CPU
		{EBA129B9-E249-487C-A4EB-FACE22BE1038}.Debug|Any CPU.ActiveCfg = Debug|Any CPU
		{EBA129B9-E249-487C-A4EB-FACE22BE1038}.Debug|Any CPU.Build.0 = Debug|Any CPU
		{EBA129B9-E249-487C-A4EB-FACE22BE1038}.Release|Any CPU.ActiveCfg = Release|Any CPU
		{EBA129B9-E249-487C-A4EB-FACE22BE1038}.Release|Any CPU.Build.0 = Release|Any CPU
	EndGlobalSection
	GlobalSection(SolutionProperties) = preSolution
		HideSolutionNode = FALSE
	EndGlobalSection
	GlobalSection(NestedProjects) = preSolution
		{964E1667-8775-4ED0-A051-F665F514D42D} = {E4092FEB-0F8B-4104-9235-7B6999ACAA0D}
		{4EBD7A2E-06CF-46CB-A6CE-41581806B46B} = {E4092FEB-0F8B-4104-9235-7B6999ACAA0D}
		{21256638-860A-4894-A03A-51F3B1FA1789} = {E4092FEB-0F8B-4104-9235-7B6999ACAA0D}
		{6C9F6E6D-205B-4E4F-A655-50D1ED3DF0CC} = {E4092FEB-0F8B-4104-9235-7B6999ACAA0D}
		{58430C28-667A-4017-808E-B5F42D31CE36} = {E4092FEB-0F8B-4104-9235-7B6999ACAA0D}
		{2ED0F1D2-607B-46BC-B352-6699415B1A7B} = {AE999F2D-3A27-41CC-B7D5-E1E8C17D34B9}
		{DE10FC7D-6B4C-4595-B744-E1066DF1A44C} = {AE999F2D-3A27-41CC-B7D5-E1E8C17D34B9}
		{3D25D8FD-5DD7-40FC-BF91-A38B0D73BFA6} = {C51348BA-419F-48CB-B498-AF99BA2C1D1C}
		{C779DDCF-D0C3-4FFC-B9D8-D65030E50DDA} = {C51348BA-419F-48CB-B498-AF99BA2C1D1C}
		{39C2A032-5381-4C2E-83F7-A301C9139D34} = {C51348BA-419F-48CB-B498-AF99BA2C1D1C}
		{04474BBC-2DA8-49F5-A1A7-80D3ED6F8824} = {C51348BA-419F-48CB-B498-AF99BA2C1D1C}
		{C1CB2A98-5141-44EA-AE03-615EDF4EB82B} = {EFA26526-C8A0-4E45-95FB-24DCEFC595C4}
		{6E2716E7-B46B-4941-9034-67B4CCDD63BB} = {C51348BA-419F-48CB-B498-AF99BA2C1D1C}
		{428FDE79-1DB1-4881-8A03-6ACC4C9B9783} = {C51348BA-419F-48CB-B498-AF99BA2C1D1C}
		{C563E4F1-E74D-4B40-B4E2-1D50643ECF3B} = {F371C7B6-794E-4A8F-8DE3-430FB1E74156}
		{012EDC15-5E55-49C0-89D5-406268051477} = {F371C7B6-794E-4A8F-8DE3-430FB1E74156}
		{01E78BA2-7986-4EE1-B8E5-92C057991657} = {F371C7B6-794E-4A8F-8DE3-430FB1E74156}
		{E7C502CA-63AB-4371-BE20-0AF6A4BE3F2E} = {F371C7B6-794E-4A8F-8DE3-430FB1E74156}
		{56850FF8-2505-49D8-A178-327AE7797122} = {F371C7B6-794E-4A8F-8DE3-430FB1E74156}
		{3FB1D8AC-7A96-460E-BC1B-9F8F39CBB3F4} = {F371C7B6-794E-4A8F-8DE3-430FB1E74156}
		{1611B3D4-D7FC-476E-B727-B938AE4644E0} = {F371C7B6-794E-4A8F-8DE3-430FB1E74156}
		{2FF31A89-1032-4579-A29C-D91022E21707} = {F371C7B6-794E-4A8F-8DE3-430FB1E74156}
		{8909B634-4E13-4475-B3C6-D28B50A3E7FE} = {F371C7B6-794E-4A8F-8DE3-430FB1E74156}
		{E56A6390-868D-4F19-8E58-D7CE713CF0B2} = {F371C7B6-794E-4A8F-8DE3-430FB1E74156}
		{06EE63F0-82A0-4EAD-8DD1-E26A1886F382} = {F3607A7B-29E9-4BE6-9912-9A9CD75CB074}
		{50A00839-3E8A-456B-A186-E40617C3101D} = {F3607A7B-29E9-4BE6-9912-9A9CD75CB074}
		{31A6C15E-4910-4745-8D4B-D091F8D4B32C} = {F3607A7B-29E9-4BE6-9912-9A9CD75CB074}
		{D5C4D091-01B8-44A3-AA1C-0309C33813E3} = {F3607A7B-29E9-4BE6-9912-9A9CD75CB074}
		{BA20B644-0773-4837-9635-6F24D9EFE208} = {F3607A7B-29E9-4BE6-9912-9A9CD75CB074}
		{B6292DEA-1D00-4DE4-88C6-1A1FAB40E79D} = {F3607A7B-29E9-4BE6-9912-9A9CD75CB074}
		{D056848F-FF95-4F35-ABA0-1DCA63B78091} = {F3607A7B-29E9-4BE6-9912-9A9CD75CB074}
		{558D604F-ACCA-4152-A73A-7AA7CE50E598} = {F3607A7B-29E9-4BE6-9912-9A9CD75CB074}
		{BEB090AC-9E4B-4B0D-82AD-EC897BF8F503} = {EFA26526-C8A0-4E45-95FB-24DCEFC595C4}
		{6B77628A-755C-47D8-A34F-B77FCA40884E} = {F3607A7B-29E9-4BE6-9912-9A9CD75CB074}
		{C3C3AA6C-53E4-4A4A-82E6-A6946EB298E4} = {F3607A7B-29E9-4BE6-9912-9A9CD75CB074}
		{61B72B22-4B6E-4734-8467-3A2BC2334198} = {FA9621D5-BED8-4CE1-8BE1-02DF197F7C68}
		{F764EB2F-FF85-444D-8EBF-70A4527F01C0} = {FA9621D5-BED8-4CE1-8BE1-02DF197F7C68}
		{295C7454-6E38-49BA-A06A-B3CE16C728A5} = {76E3683C-F29B-4F3C-90C0-B198CA981DE7}
		{EBA129B9-E249-487C-A4EB-FACE22BE1038} = {76E3683C-F29B-4F3C-90C0-B198CA981DE7}
	EndGlobalSection
	GlobalSection(ExtensibilityGlobals) = postSolution
		SolutionGuid = {8C03E353-2045-479D-81E3-28AEC5CD1228}
	EndGlobalSection
EndGlobal
