
Microsoft Visual Studio Solution File, Format Version 12.00
# Visual Studio Version 16
VisualStudioVersion = 16.0.31729.503
MinimumVisualStudioVersion = 10.0.40219.1
Project("{2150E333-8FDC-42A3-9474-1A3956D46DE8}") = "Solution Items", "Solution Items", "{CE43B940-3C9B-41B6-88DA-33FD1F674FCC}"
	ProjectSection(SolutionItems) = preProject
		..\Agenda.md = ..\Agenda.md
	EndProjectSection
EndProject
Project("{2150E333-8FDC-42A3-9474-1A3956D46DE8}") = "SOLID", "SOLID", "{E4092FEB-0F8B-4104-9235-7B6999ACAA0D}"
EndProject
Project("{9A19103F-16F7-4668-BE54-9A1E7A4F7556}") = "SingleResponsibilityPrincipe", "SingleResponsibilityPrincipe\SingleResponsibilityPrincipe.csproj", "{964E1667-8775-4ED0-A051-F665F514D42D}"
EndProject
Project("{9A19103F-16F7-4668-BE54-9A1E7A4F7556}") = "OpenClosePrinzip", "OpenClosePrinzip\OpenClosePrinzip.csproj", "{4EBD7A2E-06CF-46CB-A6CE-41581806B46B}"
EndProject
Project("{9A19103F-16F7-4668-BE54-9A1E7A4F7556}") = "LizkovischePrinzip", "LizkovischePrinzip\LizkovischePrinzip.csproj", "{21256638-860A-4894-A03A-51F3B1FA1789}"
EndProject
Project("{9A19103F-16F7-4668-BE54-9A1E7A4F7556}") = "DependencyInversion", "DependencyInversion\DependencyInversion.csproj", "{6C9F6E6D-205B-4E4F-A655-50D1ED3DF0CC}"
EndProject
Project("{9A19103F-16F7-4668-BE54-9A1E7A4F7556}") = "InterfaceSegregationPrincip", "InterfaceSegregationPrincip\InterfaceSegregationPrincip.csproj", "{58430C28-667A-4017-808E-B5F42D31CE36}"
EndProject
Project("{2150E333-8FDC-42A3-9474-1A3956D46DE8}") = "Übungen", "Übungen", "{AE999F2D-3A27-41CC-B7D5-E1E8C17D34B9}"
EndProject
Project("{9A19103F-16F7-4668-BE54-9A1E7A4F7556}") = "Übung_Solid1", "..\Übung_Solid1\Übung_Solid1.csproj", "{2ED0F1D2-607B-46BC-B352-6699415B1A7B}"
EndProject
Project("{9A19103F-16F7-4668-BE54-9A1E7A4F7556}") = "Übung_Solid2", "..\Übung_Solid2\Übung_Solid2.csproj", "{DE10FC7D-6B4C-4595-B744-E1066DF1A44C}"
EndProject
Project("{2150E333-8FDC-42A3-9474-1A3956D46DE8}") = "Delegates", "Delegates", "{C51348BA-419F-48CB-B498-AF99BA2C1D1C}"
EndProject
Project("{9A19103F-16F7-4668-BE54-9A1E7A4F7556}") = "DelegatesActionsAndFuncsSamples", "DelegatesActionsAndFuncsSamples\DelegatesActionsAndFuncsSamples.csproj", "{3D25D8FD-5DD7-40FC-BF91-A38B0D73BFA6}"
EndProject
Project("{9A19103F-16F7-4668-BE54-9A1E7A4F7556}") = "DelegateWithCallback", "DelegateWithCallback\DelegateWithCallback.csproj", "{C779DDCF-D0C3-4FFC-B9D8-D65030E50DDA}"
EndProject
Project("{9A19103F-16F7-4668-BE54-9A1E7A4F7556}") = "EventsEventHandlerSample", "EventsEventHandlerSample\EventsEventHandlerSample.csproj", "{39C2A032-5381-4C2E-83F7-A301C9139D34}"
EndProject
Project("{9A19103F-16F7-4668-BE54-9A1E7A4F7556}") = "WinFormsApp1", "WinFormsApp1\WinFormsApp1.csproj", "{04474BBC-2DA8-49F5-A1A7-80D3ED6F8824}"
EndProject
Project("{2150E333-8FDC-42A3-9474-1A3956D46DE8}") = "Benchmark Tests", "Benchmark Tests", "{EFA26526-C8A0-4E45-95FB-24DCEFC595C4}"
EndProject
Project("{9A19103F-16F7-4668-BE54-9A1E7A4F7556}") = "StringBuilderBenchmarkDemo", "StringBuilderBenchmarkDemo\StringBuilderBenchmarkDemo.csproj", "{C1CB2A98-5141-44EA-AE03-615EDF4EB82B}"
EndProject
Project("{2150E333-8FDC-42A3-9474-1A3956D46DE8}") = "SerialisierungAndExtentionMethods", "SerialisierungAndExtentionMethods", "{A056FA2F-DC23-4125-ABA6-14AEB8E6E354}"
EndProject
Project("{FAE04EC0-301F-11D3-BF4B-00C04F79EFBC}") = "SerialisierungExtentionMethods", "SerialisierungExtentionMethods\SerialisierungExtentionMethods.csproj", "{6E2716E7-B46B-4941-9034-67B4CCDD63BB}"
EndProject
Project("{FAE04EC0-301F-11D3-BF4B-00C04F79EFBC}") = "UsingSample", "UsingSample\UsingSample.csproj", "{428FDE79-1DB1-4881-8A03-6ACC4C9B9783}"
EndProject
Global
	GlobalSection(SolutionConfigurationPlatforms) = preSolution
		Debug|Any CPU = Debug|Any CPU
		Release|Any CPU = Release|Any CPU
	EndGlobalSection
	GlobalSection(ProjectConfigurationPlatforms) = postSolution
		{964E1667-8775-4ED0-A051-F665F514D42D}.Debug|Any CPU.ActiveCfg = Debug|Any CPU
		{964E1667-8775-4ED0-A051-F665F514D42D}.Debug|Any CPU.Build.0 = Debug|Any CPU
		{964E1667-8775-4ED0-A051-F665F514D42D}.Release|Any CPU.ActiveCfg = Release|Any CPU
		{964E1667-8775-4ED0-A051-F665F514D42D}.Release|Any CPU.Build.0 = Release|Any CPU
		{4EBD7A2E-06CF-46CB-A6CE-41581806B46B}.Debug|Any CPU.ActiveCfg = Debug|Any CPU
		{4EBD7A2E-06CF-46CB-A6CE-41581806B46B}.Debug|Any CPU.Build.0 = Debug|Any CPU
		{4EBD7A2E-06CF-46CB-A6CE-41581806B46B}.Release|Any CPU.ActiveCfg = Release|Any CPU
		{4EBD7A2E-06CF-46CB-A6CE-41581806B46B}.Release|Any CPU.Build.0 = Release|Any CPU
		{21256638-860A-4894-A03A-51F3B1FA1789}.Debug|Any CPU.ActiveCfg = Debug|Any CPU
		{21256638-860A-4894-A03A-51F3B1FA1789}.Debug|Any CPU.Build.0 = Debug|Any CPU
		{21256638-860A-4894-A03A-51F3B1FA1789}.Release|Any CPU.ActiveCfg = Release|Any CPU
		{21256638-860A-4894-A03A-51F3B1FA1789}.Release|Any CPU.Build.0 = Release|Any CPU
		{6C9F6E6D-205B-4E4F-A655-50D1ED3DF0CC}.Debug|Any CPU.ActiveCfg = Debug|Any CPU
		{6C9F6E6D-205B-4E4F-A655-50D1ED3DF0CC}.Debug|Any CPU.Build.0 = Debug|Any CPU
		{6C9F6E6D-205B-4E4F-A655-50D1ED3DF0CC}.Release|Any CPU.ActiveCfg = Release|Any CPU
		{6C9F6E6D-205B-4E4F-A655-50D1ED3DF0CC}.Release|Any CPU.Build.0 = Release|Any CPU
		{58430C28-667A-4017-808E-B5F42D31CE36}.Debug|Any CPU.ActiveCfg = Debug|Any CPU
		{58430C28-667A-4017-808E-B5F42D31CE36}.Debug|Any CPU.Build.0 = Debug|Any CPU
		{58430C28-667A-4017-808E-B5F42D31CE36}.Release|Any CPU.ActiveCfg = Release|Any CPU
		{58430C28-667A-4017-808E-B5F42D31CE36}.Release|Any CPU.Build.0 = Release|Any CPU
		{2ED0F1D2-607B-46BC-B352-6699415B1A7B}.Debug|Any CPU.ActiveCfg = Debug|Any CPU
		{2ED0F1D2-607B-46BC-B352-6699415B1A7B}.Debug|Any CPU.Build.0 = Debug|Any CPU
		{2ED0F1D2-607B-46BC-B352-6699415B1A7B}.Release|Any CPU.ActiveCfg = Release|Any CPU
		{2ED0F1D2-607B-46BC-B352-6699415B1A7B}.Release|Any CPU.Build.0 = Release|Any CPU
		{DE10FC7D-6B4C-4595-B744-E1066DF1A44C}.Debug|Any CPU.ActiveCfg = Debug|Any CPU
		{DE10FC7D-6B4C-4595-B744-E1066DF1A44C}.Debug|Any CPU.Build.0 = Debug|Any CPU
		{DE10FC7D-6B4C-4595-B744-E1066DF1A44C}.Release|Any CPU.ActiveCfg = Release|Any CPU
		{DE10FC7D-6B4C-4595-B744-E1066DF1A44C}.Release|Any CPU.Build.0 = Release|Any CPU
		{3D25D8FD-5DD7-40FC-BF91-A38B0D73BFA6}.Debug|Any CPU.ActiveCfg = Debug|Any CPU
		{3D25D8FD-5DD7-40FC-BF91-A38B0D73BFA6}.Debug|Any CPU.Build.0 = Debug|Any CPU
		{3D25D8FD-5DD7-40FC-BF91-A38B0D73BFA6}.Release|Any CPU.ActiveCfg = Release|Any CPU
		{3D25D8FD-5DD7-40FC-BF91-A38B0D73BFA6}.Release|Any CPU.Build.0 = Release|Any CPU
		{C779DDCF-D0C3-4FFC-B9D8-D65030E50DDA}.Debug|Any CPU.ActiveCfg = Debug|Any CPU
		{C779DDCF-D0C3-4FFC-B9D8-D65030E50DDA}.Debug|Any CPU.Build.0 = Debug|Any CPU
		{C779DDCF-D0C3-4FFC-B9D8-D65030E50DDA}.Release|Any CPU.ActiveCfg = Release|Any CPU
		{C779DDCF-D0C3-4FFC-B9D8-D65030E50DDA}.Release|Any CPU.Build.0 = Release|Any CPU
		{39C2A032-5381-4C2E-83F7-A301C9139D34}.Debug|Any CPU.ActiveCfg = Debug|Any CPU
		{39C2A032-5381-4C2E-83F7-A301C9139D34}.Debug|Any CPU.Build.0 = Debug|Any CPU
		{39C2A032-5381-4C2E-83F7-A301C9139D34}.Release|Any CPU.ActiveCfg = Release|Any CPU
		{39C2A032-5381-4C2E-83F7-A301C9139D34}.Release|Any CPU.Build.0 = Release|Any CPU
		{04474BBC-2DA8-49F5-A1A7-80D3ED6F8824}.Debug|Any CPU.ActiveCfg = Debug|Any CPU
		{04474BBC-2DA8-49F5-A1A7-80D3ED6F8824}.Debug|Any CPU.Build.0 = Debug|Any CPU
		{04474BBC-2DA8-49F5-A1A7-80D3ED6F8824}.Release|Any CPU.ActiveCfg = Release|Any CPU
		{04474BBC-2DA8-49F5-A1A7-80D3ED6F8824}.Release|Any CPU.Build.0 = Release|Any CPU
		{C1CB2A98-5141-44EA-AE03-615EDF4EB82B}.Debug|Any CPU.ActiveCfg = Debug|Any CPU
		{C1CB2A98-5141-44EA-AE03-615EDF4EB82B}.Debug|Any CPU.Build.0 = Debug|Any CPU
		{C1CB2A98-5141-44EA-AE03-615EDF4EB82B}.Release|Any CPU.ActiveCfg = Release|Any CPU
		{C1CB2A98-5141-44EA-AE03-615EDF4EB82B}.Release|Any CPU.Build.0 = Release|Any CPU
		{6E2716E7-B46B-4941-9034-67B4CCDD63BB}.Debug|Any CPU.ActiveCfg = Debug|Any CPU
		{6E2716E7-B46B-4941-9034-67B4CCDD63BB}.Debug|Any CPU.Build.0 = Debug|Any CPU
		{6E2716E7-B46B-4941-9034-67B4CCDD63BB}.Release|Any CPU.ActiveCfg = Release|Any CPU
		{6E2716E7-B46B-4941-9034-67B4CCDD63BB}.Release|Any CPU.Build.0 = Release|Any CPU
		{428FDE79-1DB1-4881-8A03-6ACC4C9B9783}.Debug|Any CPU.ActiveCfg = Debug|Any CPU
		{428FDE79-1DB1-4881-8A03-6ACC4C9B9783}.Debug|Any CPU.Build.0 = Debug|Any CPU
		{428FDE79-1DB1-4881-8A03-6ACC4C9B9783}.Release|Any CPU.ActiveCfg = Release|Any CPU
		{428FDE79-1DB1-4881-8A03-6ACC4C9B9783}.Release|Any CPU.Build.0 = Release|Any CPU
	EndGlobalSection
	GlobalSection(SolutionProperties) = preSolution
		HideSolutionNode = FALSE
	EndGlobalSection
	GlobalSection(NestedProjects) = preSolution
		{964E1667-8775-4ED0-A051-F665F514D42D} = {E4092FEB-0F8B-4104-9235-7B6999ACAA0D}
		{4EBD7A2E-06CF-46CB-A6CE-41581806B46B} = {E4092FEB-0F8B-4104-9235-7B6999ACAA0D}
		{21256638-860A-4894-A03A-51F3B1FA1789} = {E4092FEB-0F8B-4104-9235-7B6999ACAA0D}
		{6C9F6E6D-205B-4E4F-A655-50D1ED3DF0CC} = {E4092FEB-0F8B-4104-9235-7B6999ACAA0D}
		{58430C28-667A-4017-808E-B5F42D31CE36} = {E4092FEB-0F8B-4104-9235-7B6999ACAA0D}
		{2ED0F1D2-607B-46BC-B352-6699415B1A7B} = {AE999F2D-3A27-41CC-B7D5-E1E8C17D34B9}
		{DE10FC7D-6B4C-4595-B744-E1066DF1A44C} = {AE999F2D-3A27-41CC-B7D5-E1E8C17D34B9}
		{3D25D8FD-5DD7-40FC-BF91-A38B0D73BFA6} = {C51348BA-419F-48CB-B498-AF99BA2C1D1C}
		{C779DDCF-D0C3-4FFC-B9D8-D65030E50DDA} = {C51348BA-419F-48CB-B498-AF99BA2C1D1C}
		{39C2A032-5381-4C2E-83F7-A301C9139D34} = {C51348BA-419F-48CB-B498-AF99BA2C1D1C}
		{04474BBC-2DA8-49F5-A1A7-80D3ED6F8824} = {C51348BA-419F-48CB-B498-AF99BA2C1D1C}
		{C1CB2A98-5141-44EA-AE03-615EDF4EB82B} = {EFA26526-C8A0-4E45-95FB-24DCEFC595C4}
		{6E2716E7-B46B-4941-9034-67B4CCDD63BB} = {C51348BA-419F-48CB-B498-AF99BA2C1D1C}
		{428FDE79-1DB1-4881-8A03-6ACC4C9B9783} = {C51348BA-419F-48CB-B498-AF99BA2C1D1C}
	EndGlobalSection
	GlobalSection(ExtensibilityGlobals) = postSolution
		SolutionGuid = {8C03E353-2045-479D-81E3-28AEC5CD1228}
	EndGlobalSection
EndGlobal
